
Microsoft Visual Studio Solution File, Format Version 12.00
# Visual Studio Version 16
VisualStudioVersion = 16.0.32929.386
MinimumVisualStudioVersion = 10.0.40219.1
Project("{FAE04EC0-301F-11D3-BF4B-00C04F79EFBC}") = "PC210Viewer", "PC210Viewer\PC210Viewer.csproj", "{7CB551A8-A585-4A24-9563-A34AB4C5A244}"
EndProject
Global
	GlobalSection(SolutionConfigurationPlatforms) = preSolution
		Debug|Any CPU = Debug|Any CPU
		Release|Any CPU = Release|Any CPU
	EndGlobalSection
	GlobalSection(ProjectConfigurationPlatforms) = postSolution
		{7CB551A8-A585-4A24-9563-A34AB4C5A244}.Debug|Any CPU.ActiveCfg = Debug|Any CPU
		{7CB551A8-A585-4A24-9563-A34AB4C5A244}.Debug|Any CPU.Build.0 = Debug|Any CPU
		{7CB551A8-A585-4A24-9563-A34AB4C5A244}.Release|Any CPU.ActiveCfg = Release|Any CPU
		{7CB551A8-A585-4A24-9563-A34AB4C5A244}.Release|Any CPU.Build.0 = Release|Any CPU
	EndGlobalSection
	GlobalSection(SolutionProperties) = preSolution
		HideSolutionNode = FALSE
	EndGlobalSection
	GlobalSection(ExtensibilityGlobals) = postSolution
		SolutionGuid = {7AE867FE-AF29-434F-B968-3D54CDBEDB13}
	EndGlobalSection
EndGlobal
